<?xml version="1.0" encoding="utf-8"?>
<Project ToolsVersion="4.0" xmlns="http://schemas.microsoft.com/developer/msbuild/2003">
  <ItemGroup>
    <Filter Include="源文件">
      <UniqueIdentifier>{4FC737F1-C7A5-4376-A066-2A32D752A2FF}</UniqueIdentifier>
      <Extensions>cpp;c;cc;cxx;def;odl;idl;hpj;bat;asm;asmx</Extensions>
    </Filter>
    <Filter Include="头文件">
      <UniqueIdentifier>{93995380-89BD-4b04-88EB-625FBE52EBFB}</UniqueIdentifier>
      <Extensions>h;hh;hpp;hxx;hm;inl;inc;ipp;xsd</Extensions>
    </Filter>
    <Filter Include="资源文件">
      <UniqueIdentifier>{67DA6AB6-F800-4c08-8B7A-83BB121AAD01}</UniqueIdentifier>
      <Extensions>rc;ico;cur;bmp;dlg;rc2;rct;bin;rgs;gif;jpg;jpeg;jpe;resx;tiff;tif;png;wav;mfcribbon-ms</Extensions>
    </Filter>
  </ItemGroup>
  <ItemGroup>
    <ClCompile Include="Src\Main.cpp">
      <Filter>源文件</Filter>
    </ClCompile>
    <ClCompile Include="Src\MyCamera.cpp">
      <Filter>源文件</Filter>
    </ClCompile>
    <ClCompile Include="Src\Shader.cpp">
      <Filter>源文件</Filter>
    </ClCompile>
    <ClCompile Include="Src\Texture.cpp">
      <Filter>源文件</Filter>
    </ClCompile>
    <ClCompile Include="Src\Mesh.cpp">
      <Filter>源文件</Filter>
    </ClCompile>
    <ClCompile Include="Src\Model.cpp">
      <Filter>源文件</Filter>
    </ClCompile>
    <ClCompile Include="Src\Light.cpp">
      <Filter>源文件</Filter>
    </ClCompile>
    <ClCompile Include="Src\TestModel\TestModel.cpp">
      <Filter>源文件</Filter>
    </ClCompile>
    <ClCompile Include="Src\TestLight\TestLight.cpp">
      <Filter>源文件</Filter>
    </ClCompile>
    <ClCompile Include="Src\DepthTest\DepthTest.cpp">
      <Filter>源文件</Filter>
    </ClCompile>
    <ClCompile Include="Src\TestCubeMap\CubeMapTest.cpp">
      <Filter>源文件</Filter>
    </ClCompile>
    <ClCompile Include="Src\CubeMap.cpp">
      <Filter>源文件</Filter>
    </ClCompile>
    <ClCompile Include="Src\TestShadow\TestShadow.cpp">
      <Filter>源文件</Filter>
    </ClCompile>
  </ItemGroup>
  <ItemGroup>
    <None Include="Shaders\BaseShaders.shader" />
    <None Include="res\Sword.FBX" />
    <None Include="res\Hero1_Mesh.FBX" />
    <None Include="Assimp\assimp.dll" />
    <None Include="Assimp\include\assimp\color4.inl">
      <Filter>头文件</Filter>
    </None>
    <None Include="Assimp\include\assimp\material.inl">
      <Filter>头文件</Filter>
    </None>
    <None Include="Assimp\include\assimp\matrix3x3.inl">
      <Filter>头文件</Filter>
    </None>
    <None Include="Assimp\include\assimp\matrix4x4.inl">
      <Filter>头文件</Filter>
    </None>
    <None Include="Assimp\include\assimp\quaternion.inl">
      <Filter>头文件</Filter>
    </None>
    <None Include="Assimp\include\assimp\SmoothingGroups.inl">
      <Filter>头文件</Filter>
    </None>
    <None Include="Assimp\include\assimp\vector2.inl">
      <Filter>头文件</Filter>
    </None>
    <None Include="Assimp\include\assimp\vector3.inl">
      <Filter>头文件</Filter>
    </None>
    <None Include="Assimp\include\assimp\.editorconfig" />
    <None Include="Assimp\include\assimp\config.h.in" />
    <None Include="res\cube.fbx" />
    <None Include="res\spider.fbx" />
    <None Include="Shaders\BaseLightFS.fs" />
    <None Include="Shaders\BaseLightVS.vs" />
    <None Include="Shaders\BaseVertexShader.vs" />
    <None Include="Shaders\NanosuitFragmentShader.fs" />
    <None Include="Shaders\NanosuitVertexShader.vs" />
    <None Include="Shaders\BaseFragmentShader.fs" />
    <None Include="Shaders\DepthTest\DepthTest.vs" />
    <None Include="Shaders\DepthTest\DepthTest.fs" />
    <None Include="Shaders\DepthTest\Floor.vs" />
    <None Include="Shaders\DepthTest\Floor.fs" />
    <None Include="Shaders\DepthTest\SingleColor.vs" />
    <None Include="Shaders\DepthTest\SingleColor.fs" />
    <None Include="Shaders\CubeMap\CubeMap.vs" />
    <None Include="Shaders\CubeMap\CubeMap.fs" />
    <None Include="Shaders\ReflectCube\ReflectCube.fs" />
    <None Include="Shaders\ReflectCube\ReflectCube.vs" />
    <None Include="Shaders\RefractCube\RefractCube.vs" />
    <None Include="Shaders\RefractCube\RefractCube.fs" />
    <None Include="Shaders\Normals.vs" />
    <None Include="Shaders\Normals.fs" />
    <None Include="Shaders\Normals.gs" />
    <None Include="Shaders\AdvancedLight\BlinnPhone.fs" />
    <None Include="Shaders\AdvancedLight\BlinnPhone.vs" />
    <None Include="Shaders\ShadowTest\shadow_mapping.fs" />
    <None Include="Shaders\ShadowTest\shadow_mapping.vs" />
    <None Include="Shaders\ShadowTest\shadow_mapping_depth.vs" />
    <None Include="Shaders\ShadowTest\shadow_mapping_depth.fs" />
    <None Include="Shaders\ShadowTest\debug_quad.vs" />
    <None Include="Shaders\ShadowTest\debug_quad.fs" />
  </ItemGroup>
  <ItemGroup>
    <ClInclude Include="Src\MyCamera.h">
      <Filter>头文件</Filter>
    </ClInclude>
    <ClInclude Include="Src\Shader.h">
      <Filter>头文件</Filter>
    </ClInclude>
    <ClInclude Include="Src\stb_image.h">
      <Filter>头文件</Filter>
    </ClInclude>
    <ClInclude Include="Src\Texture.h">
      <Filter>头文件</Filter>
    </ClInclude>
    <ClInclude Include="Src\gl_inf.h">
      <Filter>头文件</Filter>
    </ClInclude>
    <ClInclude Include="Src\Mesh.h">
      <Filter>头文件</Filter>
    </ClInclude>
    <ClInclude Include="Src\Model.h">
      <Filter>头文件</Filter>
    </ClInclude>
    <ClInclude Include="Assimp\include\assimp\port\AndroidJNI\AndroidJNIIOSystem.h">
      <Filter>头文件</Filter>
    </ClInclude>
    <ClInclude Include="Assimp\include\assimp\Compiler\pstdint.h">
      <Filter>头文件</Filter>
    </ClInclude>
    <ClInclude Include="Assimp\include\assimp\Compiler\pushpack1.h">
      <Filter>头文件</Filter>
    </ClInclude>
    <ClInclude Include="Assimp\include\assimp\Compiler\poppack1.h">
      <Filter>头文件</Filter>
    </ClInclude>
    <ClInclude Include="Assimp\include\assimp\ai_assert.h">
      <Filter>头文件</Filter>
    </ClInclude>
    <ClInclude Include="Assimp\include\assimp\anim.h">
      <Filter>头文件</Filter>
    </ClInclude>
    <ClInclude Include="Assimp\include\assimp\BaseImporter.h">
      <Filter>头文件</Filter>
    </ClInclude>
    <ClInclude Include="Assimp\include\assimp\Bitmap.h">
      <Filter>头文件</Filter>
    </ClInclude>
    <ClInclude Include="Assimp\include\assimp\BlobIOSystem.h">
      <Filter>头文件</Filter>
    </ClInclude>
    <ClInclude Include="Assimp\include\assimp\ByteSwapper.h">
      <Filter>头文件</Filter>
    </ClInclude>
    <ClInclude Include="Assimp\include\assimp\camera.h">
      <Filter>头文件</Filter>
    </ClInclude>
    <ClInclude Include="Assimp\include\assimp\aabb.h">
      <Filter>头文件</Filter>
    </ClInclude>
    <ClInclude Include="Assimp\include\assimp\cexport.h">
      <Filter>头文件</Filter>
    </ClInclude>
    <ClInclude Include="Assimp\include\assimp\cfileio.h">
      <Filter>头文件</Filter>
    </ClInclude>
    <ClInclude Include="Assimp\include\assimp\cimport.h">
      <Filter>头文件</Filter>
    </ClInclude>
    <ClInclude Include="Assimp\include\assimp\color4.h">
      <Filter>头文件</Filter>
    </ClInclude>
    <ClInclude Include="Assimp\include\assimp\CreateAnimMesh.h">
      <Filter>头文件</Filter>
    </ClInclude>
    <ClInclude Include="Assimp\include\assimp\DefaultIOStream.h">
      <Filter>头文件</Filter>
    </ClInclude>
    <ClInclude Include="Assimp\include\assimp\DefaultIOSystem.h">
      <Filter>头文件</Filter>
    </ClInclude>
    <ClInclude Include="Assimp\include\assimp\DefaultLogger.hpp">
      <Filter>头文件</Filter>
    </ClInclude>
    <ClInclude Include="Assimp\include\assimp\Defines.h">
      <Filter>头文件</Filter>
    </ClInclude>
    <ClInclude Include="Assimp\include\assimp\defs.h">
      <Filter>头文件</Filter>
    </ClInclude>
    <ClInclude Include="Assimp\include\assimp\Exceptional.h">
      <Filter>头文件</Filter>
    </ClInclude>
    <ClInclude Include="Assimp\include\assimp\Exporter.hpp">
      <Filter>头文件</Filter>
    </ClInclude>
    <ClInclude Include="Assimp\include\assimp\fast_atof.h">
      <Filter>头文件</Filter>
    </ClInclude>
    <ClInclude Include="Assimp\include\assimp\GenericProperty.h">
      <Filter>头文件</Filter>
    </ClInclude>
    <ClInclude Include="Assimp\include\assimp\Hash.h">
      <Filter>头文件</Filter>
    </ClInclude>
    <ClInclude Include="Assimp\include\assimp\Importer.hpp">
      <Filter>头文件</Filter>
    </ClInclude>
    <ClInclude Include="Assimp\include\assimp\importerdesc.h">
      <Filter>头文件</Filter>
    </ClInclude>
    <ClInclude Include="Assimp\include\assimp\IOStream.hpp">
      <Filter>头文件</Filter>
    </ClInclude>
    <ClInclude Include="Assimp\include\assimp\IOStreamBuffer.h">
      <Filter>头文件</Filter>
    </ClInclude>
    <ClInclude Include="Assimp\include\assimp\IOSystem.hpp">
      <Filter>头文件</Filter>
    </ClInclude>
    <ClInclude Include="Assimp\include\assimp\irrXMLWrapper.h">
      <Filter>头文件</Filter>
    </ClInclude>
    <ClInclude Include="Assimp\include\assimp\light.h">
      <Filter>头文件</Filter>
    </ClInclude>
    <ClInclude Include="Assimp\include\assimp\LineSplitter.h">
      <Filter>头文件</Filter>
    </ClInclude>
    <ClInclude Include="Assimp\include\assimp\LogAux.h">
      <Filter>头文件</Filter>
    </ClInclude>
    <ClInclude Include="Assimp\include\assimp\Logger.hpp">
      <Filter>头文件</Filter>
    </ClInclude>
    <ClInclude Include="Assimp\include\assimp\LogStream.hpp">
      <Filter>头文件</Filter>
    </ClInclude>
    <ClInclude Include="Assimp\include\assimp\Macros.h">
      <Filter>头文件</Filter>
    </ClInclude>
    <ClInclude Include="Assimp\include\assimp\material.h">
      <Filter>头文件</Filter>
    </ClInclude>
    <ClInclude Include="Assimp\include\assimp\MathFunctions.h">
      <Filter>头文件</Filter>
    </ClInclude>
    <ClInclude Include="Assimp\include\assimp\matrix3x3.h">
      <Filter>头文件</Filter>
    </ClInclude>
    <ClInclude Include="Assimp\include\assimp\matrix4x4.h">
      <Filter>头文件</Filter>
    </ClInclude>
    <ClInclude Include="Assimp\include\assimp\MemoryIOWrapper.h">
      <Filter>头文件</Filter>
    </ClInclude>
    <ClInclude Include="Assimp\include\assimp\mesh.h">
      <Filter>头文件</Filter>
    </ClInclude>
    <ClInclude Include="Assimp\include\assimp\metadata.h">
      <Filter>头文件</Filter>
    </ClInclude>
    <ClInclude Include="Assimp\include\assimp\NullLogger.hpp">
      <Filter>头文件</Filter>
    </ClInclude>
    <ClInclude Include="Assimp\include\assimp\ParsingUtils.h">
      <Filter>头文件</Filter>
    </ClInclude>
    <ClInclude Include="Assimp\include\assimp\pbrmaterial.h">
      <Filter>头文件</Filter>
    </ClInclude>
    <ClInclude Include="Assimp\include\assimp\postprocess.h">
      <Filter>头文件</Filter>
    </ClInclude>
    <ClInclude Include="Assimp\include\assimp\Profiler.h">
      <Filter>头文件</Filter>
    </ClInclude>
    <ClInclude Include="Assimp\include\assimp\ProgressHandler.hpp">
      <Filter>头文件</Filter>
    </ClInclude>
    <ClInclude Include="Assimp\include\assimp\qnan.h">
      <Filter>头文件</Filter>
    </ClInclude>
    <ClInclude Include="Assimp\include\assimp\quaternion.h">
      <Filter>头文件</Filter>
    </ClInclude>
    <ClInclude Include="Assimp\include\assimp\RemoveComments.h">
      <Filter>头文件</Filter>
    </ClInclude>
    <ClInclude Include="Assimp\include\assimp\scene.h">
      <Filter>头文件</Filter>
    </ClInclude>
    <ClInclude Include="Assimp\include\assimp\SceneCombiner.h">
      <Filter>头文件</Filter>
    </ClInclude>
    <ClInclude Include="Assimp\include\assimp\SGSpatialSort.h">
      <Filter>头文件</Filter>
    </ClInclude>
    <ClInclude Include="Assimp\include\assimp\SkeletonMeshBuilder.h">
      <Filter>头文件</Filter>
    </ClInclude>
    <ClInclude Include="Assimp\include\assimp\SmoothingGroups.h">
      <Filter>头文件</Filter>
    </ClInclude>
    <ClInclude Include="Assimp\include\assimp\SpatialSort.h">
      <Filter>头文件</Filter>
    </ClInclude>
    <ClInclude Include="Assimp\include\assimp\StandardShapes.h">
      <Filter>头文件</Filter>
    </ClInclude>
    <ClInclude Include="Assimp\include\assimp\StreamReader.h">
      <Filter>头文件</Filter>
    </ClInclude>
    <ClInclude Include="Assimp\include\assimp\StreamWriter.h">
      <Filter>头文件</Filter>
    </ClInclude>
    <ClInclude Include="Assimp\include\assimp\StringComparison.h">
      <Filter>头文件</Filter>
    </ClInclude>
    <ClInclude Include="Assimp\include\assimp\StringUtils.h">
      <Filter>头文件</Filter>
    </ClInclude>
    <ClInclude Include="Assimp\include\assimp\Subdivision.h">
      <Filter>头文件</Filter>
    </ClInclude>
    <ClInclude Include="Assimp\include\assimp\texture.h">
      <Filter>头文件</Filter>
    </ClInclude>
    <ClInclude Include="Assimp\include\assimp\TinyFormatter.h">
      <Filter>头文件</Filter>
    </ClInclude>
    <ClInclude Include="Assimp\include\assimp\types.h">
      <Filter>头文件</Filter>
    </ClInclude>
    <ClInclude Include="Assimp\include\assimp\vector2.h">
      <Filter>头文件</Filter>
    </ClInclude>
    <ClInclude Include="Assimp\include\assimp\vector3.h">
      <Filter>头文件</Filter>
    </ClInclude>
    <ClInclude Include="Assimp\include\assimp\version.h">
      <Filter>头文件</Filter>
    </ClInclude>
    <ClInclude Include="Assimp\include\assimp\Vertex.h">
      <Filter>头文件</Filter>
    </ClInclude>
    <ClInclude Include="Assimp\include\assimp\XMLTools.h">
      <Filter>头文件</Filter>
    </ClInclude>
    <ClInclude Include="Assimp\include\assimp\ZipArchiveIOSystem.h">
      <Filter>头文件</Filter>
    </ClInclude>
    <ClInclude Include="Assimp\include\assimp\config.h">
      <Filter>头文件</Filter>
    </ClInclude>
    <ClInclude Include="Src\Light.h">
      <Filter>头文件</Filter>
    </ClInclude>
    <ClInclude Include="Src\TestModel\TestModel.h">
      <Filter>头文件</Filter>
    </ClInclude>
    <ClInclude Include="Src\TestLight\TestLight.h">
      <Filter>头文件</Filter>
    </ClInclude>
    <ClInclude Include="Src\DepthTest\DepthTest.h">
      <Filter>头文件</Filter>
    </ClInclude>
    <ClInclude Include="Src\TestCubeMap\CubeMapTest.h">
      <Filter>头文件</Filter>
    </ClInclude>
    <ClInclude Include="Src\CubeMap.h">
      <Filter>头文件</Filter>
    </ClInclude>
    <ClInclude Include="Src\TestShadow\TestShadow.h">
      <Filter>头文件</Filter>
    </ClInclude>
  </ItemGroup>
  <ItemGroup>
    <Image Include="res\texture\02.png">
      <Filter>资源文件</Filter>
    </Image>
    <Image Include="res\texture\2eeba715.dds" />
    <Image Include="res\texture\dog.jpg">
      <Filter>资源文件</Filter>
    </Image>
    <Image Include="res\texture\01.png">
      <Filter>资源文件</Filter>
    </Image>
    <Image Include="res\texture\face.jpg">
      <Filter>资源文件</Filter>
    </Image>
  </ItemGroup>
  <ItemGroup>
    <Library Include="Assimp\assimp.lib" />
  </ItemGroup>
</Project>